
Microsoft Visual Studio Solution File, Format Version 12.00
# Visual Studio Version 17
VisualStudioVersion = 17.14.36915.13 d17.14
MinimumVisualStudioVersion = 10.0.40219.1
Project("{FAE04EC0-301F-11D3-BF4B-00C04F79EFBC}") = "bookStore.Api", "bookStore.Api\bookStore.Api.csproj", "{AB1EF9D6-627D-4248-9A33-B40FCE8F7AA1}"
EndProject
Global
	GlobalSection(SolutionConfigurationPlatforms) = preSolution
		Debug|Any CPU = Debug|Any CPU
		Release|Any CPU = Release|Any CPU
	EndGlobalSection
	GlobalSection(ProjectConfigurationPlatforms) = postSolution
		{AB1EF9D6-627D-4248-9A33-B40FCE8F7AA1}.Debug|Any CPU.ActiveCfg = Debug|Any CPU
		{AB1EF9D6-627D-4248-9A33-B40FCE8F7AA1}.Debug|Any CPU.Build.0 = Debug|Any CPU
		{AB1EF9D6-627D-4248-9A33-B40FCE8F7AA1}.Release|Any CPU.ActiveCfg = Release|Any CPU
		{AB1EF9D6-627D-4248-9A33-B40FCE8F7AA1}.Release|Any CPU.Build.0 = Release|Any CPU
	EndGlobalSection
	GlobalSection(SolutionProperties) = preSolution
		HideSolutionNode = FALSE
	EndGlobalSection
	GlobalSection(ExtensibilityGlobals) = postSolution
		SolutionGuid = {F834FD5A-F236-4D9D-8D2A-20FEF116B0E9}
	EndGlobalSection
EndGlobal
