
Microsoft Visual Studio Solution File, Format Version 12.00
# Visual Studio Version 17
VisualStudioVersion = 17.14.36915.13
MinimumVisualStudioVersion = 10.0.40219.1
Project("{FAE04EC0-301F-11D3-BF4B-00C04F79EFBC}") = "bookStore.Api", "bookStore.Api\bookStore.Api.csproj", "{AB1EF9D6-627D-4248-9A33-B40FCE8F7AA1}"
EndProject
Project("{FAE04EC0-301F-11D3-BF4B-00C04F79EFBC}") = "bookStore.Domain", "bookStore.Domain\bookStore.Domain.csproj", "{A94E31B5-3B69-4623-87A7-249FFBB9A0FA}"
EndProject
Project("{FAE04EC0-301F-11D3-BF4B-00C04F79EFBC}") = "bookStore.DataAccess", "bookStore.DataAccess\bookStore.DataAccess.csproj", "{70A2268A-AD4B-4D72-9A41-C4F80D72B195}"
EndProject
Project("{FAE04EC0-301F-11D3-BF4B-00C04F79EFBC}") = "bookStore.BusinessLogic", "bookStore.BusinessLogic\bookStore.BusinessLogic.csproj", "{6BFB1180-C4D4-4563-817C-E5B90E49A05A}"
EndProject
Global
	GlobalSection(SolutionConfigurationPlatforms) = preSolution
		Debug|Any CPU = Debug|Any CPU
		Release|Any CPU = Release|Any CPU
	EndGlobalSection
	GlobalSection(ProjectConfigurationPlatforms) = postSolution
		{AB1EF9D6-627D-4248-9A33-B40FCE8F7AA1}.Debug|Any CPU.ActiveCfg = Debug|Any CPU
		{AB1EF9D6-627D-4248-9A33-B40FCE8F7AA1}.Debug|Any CPU.Build.0 = Debug|Any CPU
		{AB1EF9D6-627D-4248-9A33-B40FCE8F7AA1}.Release|Any CPU.ActiveCfg = Release|Any CPU
		{AB1EF9D6-627D-4248-9A33-B40FCE8F7AA1}.Release|Any CPU.Build.0 = Release|Any CPU
		{A94E31B5-3B69-4623-87A7-249FFBB9A0FA}.Debug|Any CPU.ActiveCfg = Debug|Any CPU
		{A94E31B5-3B69-4623-87A7-249FFBB9A0FA}.Debug|Any CPU.Build.0 = Debug|Any CPU
		{A94E31B5-3B69-4623-87A7-249FFBB9A0FA}.Release|Any CPU.ActiveCfg = Release|Any CPU
		{A94E31B5-3B69-4623-87A7-249FFBB9A0FA}.Release|Any CPU.Build.0 = Release|Any CPU
		{70A2268A-AD4B-4D72-9A41-C4F80D72B195}.Debug|Any CPU.ActiveCfg = Debug|Any CPU
		{70A2268A-AD4B-4D72-9A41-C4F80D72B195}.Debug|Any CPU.Build.0 = Debug|Any CPU
		{70A2268A-AD4B-4D72-9A41-C4F80D72B195}.Release|Any CPU.ActiveCfg = Release|Any CPU
		{70A2268A-AD4B-4D72-9A41-C4F80D72B195}.Release|Any CPU.Build.0 = Release|Any CPU
		{6BFB1180-C4D4-4563-817C-E5B90E49A05A}.Debug|Any CPU.ActiveCfg = Debug|Any CPU
		{6BFB1180-C4D4-4563-817C-E5B90E49A05A}.Debug|Any CPU.Build.0 = Debug|Any CPU
		{6BFB1180-C4D4-4563-817C-E5B90E49A05A}.Release|Any CPU.ActiveCfg = Release|Any CPU
		{6BFB1180-C4D4-4563-817C-E5B90E49A05A}.Release|Any CPU.Build.0 = Release|Any CPU
	EndGlobalSection
	GlobalSection(SolutionProperties) = preSolution
		HideSolutionNode = FALSE
	EndGlobalSection
	GlobalSection(ExtensibilityGlobals) = postSolution
		SolutionGuid = {F834FD5A-F236-4D9D-8D2A-20FEF116B0E9}
	EndGlobalSection
EndGlobal
